
Microsoft Visual Studio Solution File, Format Version 12.00
# Visual Studio 15
VisualStudioVersion = 15.0.28010.2036
MinimumVisualStudioVersion = 10.0.40219.1
Project("{FAE04EC0-301F-11D3-BF4B-00C04F79EFBC}") = "eKino_API", "eKino_API\eKino_API.csproj", "{007335D6-3564-48F4-92F3-922BD9AEE1DA}"
EndProject
Project("{FAE04EC0-301F-11D3-BF4B-00C04F79EFBC}") = "eKino_UI", "eKino_UI\eKino_UI.csproj", "{7FE021D8-E0AE-41B8-B4C9-63FA2E89FDAB}"
EndProject
Project("{FAE04EC0-301F-11D3-BF4B-00C04F79EFBC}") = "eKino.Android", "eKino\eKino.Android\eKino.Android.csproj", "{3F5B63CA-09AE-44B0-A432-4B87ADDE9440}"
EndProject
Project("{FAE04EC0-301F-11D3-BF4B-00C04F79EFBC}") = "eKino.UWP", "eKino\eKino.UWP\eKino.UWP.csproj", "{1538152A-84EA-4D75-9F9B-221A2F0992DD}"
EndProject
Project("{9A19103F-16F7-4668-BE54-9A1E7A4F7556}") = "eKino", "eKino\eKino\eKino.csproj", "{D70924DE-A120-407E-8048-FC8B6622E9AC}"
EndProject
Project("{9A19103F-16F7-4668-BE54-9A1E7A4F7556}") = "eKino_PCL", "eKino_PCL\eKino_PCL.csproj", "{724FE820-CB5D-4003-A53E-62BC3A63FCF9}"
EndProject
Global
	GlobalSection(SolutionConfigurationPlatforms) = preSolution
		Ad-Hoc|Any CPU = Ad-Hoc|Any CPU
		Ad-Hoc|ARM = Ad-Hoc|ARM
		Ad-Hoc|iPhone = Ad-Hoc|iPhone
		Ad-Hoc|iPhoneSimulator = Ad-Hoc|iPhoneSimulator
		Ad-Hoc|x64 = Ad-Hoc|x64
		Ad-Hoc|x86 = Ad-Hoc|x86
		AppStore|Any CPU = AppStore|Any CPU
		AppStore|ARM = AppStore|ARM
		AppStore|iPhone = AppStore|iPhone
		AppStore|iPhoneSimulator = AppStore|iPhoneSimulator
		AppStore|x64 = AppStore|x64
		AppStore|x86 = AppStore|x86
		Debug|Any CPU = Debug|Any CPU
		Debug|ARM = Debug|ARM
		Debug|iPhone = Debug|iPhone
		Debug|iPhoneSimulator = Debug|iPhoneSimulator
		Debug|x64 = Debug|x64
		Debug|x86 = Debug|x86
		Release|Any CPU = Release|Any CPU
		Release|ARM = Release|ARM
		Release|iPhone = Release|iPhone
		Release|iPhoneSimulator = Release|iPhoneSimulator
		Release|x64 = Release|x64
		Release|x86 = Release|x86
	EndGlobalSection
	GlobalSection(ProjectConfigurationPlatforms) = postSolution
		{007335D6-3564-48F4-92F3-922BD9AEE1DA}.Ad-Hoc|Any CPU.ActiveCfg = Release|Any CPU
		{007335D6-3564-48F4-92F3-922BD9AEE1DA}.Ad-Hoc|Any CPU.Build.0 = Release|Any CPU
		{007335D6-3564-48F4-92F3-922BD9AEE1DA}.Ad-Hoc|ARM.ActiveCfg = Release|Any CPU
		{007335D6-3564-48F4-92F3-922BD9AEE1DA}.Ad-Hoc|ARM.Build.0 = Release|Any CPU
		{007335D6-3564-48F4-92F3-922BD9AEE1DA}.Ad-Hoc|iPhone.ActiveCfg = Release|Any CPU
		{007335D6-3564-48F4-92F3-922BD9AEE1DA}.Ad-Hoc|iPhone.Build.0 = Release|Any CPU
		{007335D6-3564-48F4-92F3-922BD9AEE1DA}.Ad-Hoc|iPhoneSimulator.ActiveCfg = Release|Any CPU
		{007335D6-3564-48F4-92F3-922BD9AEE1DA}.Ad-Hoc|iPhoneSimulator.Build.0 = Release|Any CPU
		{007335D6-3564-48F4-92F3-922BD9AEE1DA}.Ad-Hoc|x64.ActiveCfg = Release|Any CPU
		{007335D6-3564-48F4-92F3-922BD9AEE1DA}.Ad-Hoc|x64.Build.0 = Release|Any CPU
		{007335D6-3564-48F4-92F3-922BD9AEE1DA}.Ad-Hoc|x86.ActiveCfg = Release|Any CPU
		{007335D6-3564-48F4-92F3-922BD9AEE1DA}.Ad-Hoc|x86.Build.0 = Release|Any CPU
		{007335D6-3564-48F4-92F3-922BD9AEE1DA}.AppStore|Any CPU.ActiveCfg = Release|Any CPU
		{007335D6-3564-48F4-92F3-922BD9AEE1DA}.AppStore|Any CPU.Build.0 = Release|Any CPU
		{007335D6-3564-48F4-92F3-922BD9AEE1DA}.AppStore|ARM.ActiveCfg = Release|Any CPU
		{007335D6-3564-48F4-92F3-922BD9AEE1DA}.AppStore|ARM.Build.0 = Release|Any CPU
		{007335D6-3564-48F4-92F3-922BD9AEE1DA}.AppStore|iPhone.ActiveCfg = Release|Any CPU
		{007335D6-3564-48F4-92F3-922BD9AEE1DA}.AppStore|iPhone.Build.0 = Release|Any CPU
		{007335D6-3564-48F4-92F3-922BD9AEE1DA}.AppStore|iPhoneSimulator.ActiveCfg = Release|Any CPU
		{007335D6-3564-48F4-92F3-922BD9AEE1DA}.AppStore|iPhoneSimulator.Build.0 = Release|Any CPU
		{007335D6-3564-48F4-92F3-922BD9AEE1DA}.AppStore|x64.ActiveCfg = Release|Any CPU
		{007335D6-3564-48F4-92F3-922BD9AEE1DA}.AppStore|x64.Build.0 = Release|Any CPU
		{007335D6-3564-48F4-92F3-922BD9AEE1DA}.AppStore|x86.ActiveCfg = Release|Any CPU
		{007335D6-3564-48F4-92F3-922BD9AEE1DA}.AppStore|x86.Build.0 = Release|Any CPU
		{007335D6-3564-48F4-92F3-922BD9AEE1DA}.Debug|Any CPU.ActiveCfg = Debug|Any CPU
		{007335D6-3564-48F4-92F3-922BD9AEE1DA}.Debug|Any CPU.Build.0 = Debug|Any CPU
		{007335D6-3564-48F4-92F3-922BD9AEE1DA}.Debug|ARM.ActiveCfg = Debug|Any CPU
		{007335D6-3564-48F4-92F3-922BD9AEE1DA}.Debug|ARM.Build.0 = Debug|Any CPU
		{007335D6-3564-48F4-92F3-922BD9AEE1DA}.Debug|iPhone.ActiveCfg = Debug|Any CPU
		{007335D6-3564-48F4-92F3-922BD9AEE1DA}.Debug|iPhone.Build.0 = Debug|Any CPU
		{007335D6-3564-48F4-92F3-922BD9AEE1DA}.Debug|iPhoneSimulator.ActiveCfg = Debug|Any CPU
		{007335D6-3564-48F4-92F3-922BD9AEE1DA}.Debug|iPhoneSimulator.Build.0 = Debug|Any CPU
		{007335D6-3564-48F4-92F3-922BD9AEE1DA}.Debug|x64.ActiveCfg = Debug|Any CPU
		{007335D6-3564-48F4-92F3-922BD9AEE1DA}.Debug|x64.Build.0 = Debug|Any CPU
		{007335D6-3564-48F4-92F3-922BD9AEE1DA}.Debug|x86.ActiveCfg = Debug|Any CPU
		{007335D6-3564-48F4-92F3-922BD9AEE1DA}.Debug|x86.Build.0 = Debug|Any CPU
		{007335D6-3564-48F4-92F3-922BD9AEE1DA}.Release|Any CPU.ActiveCfg = Release|Any CPU
		{007335D6-3564-48F4-92F3-922BD9AEE1DA}.Release|Any CPU.Build.0 = Release|Any CPU
		{007335D6-3564-48F4-92F3-922BD9AEE1DA}.Release|ARM.ActiveCfg = Release|Any CPU
		{007335D6-3564-48F4-92F3-922BD9AEE1DA}.Release|ARM.Build.0 = Release|Any CPU
		{007335D6-3564-48F4-92F3-922BD9AEE1DA}.Release|iPhone.ActiveCfg = Release|Any CPU
		{007335D6-3564-48F4-92F3-922BD9AEE1DA}.Release|iPhone.Build.0 = Release|Any CPU
		{007335D6-3564-48F4-92F3-922BD9AEE1DA}.Release|iPhoneSimulator.ActiveCfg = Release|Any CPU
		{007335D6-3564-48F4-92F3-922BD9AEE1DA}.Release|iPhoneSimulator.Build.0 = Release|Any CPU
		{007335D6-3564-48F4-92F3-922BD9AEE1DA}.Release|x64.ActiveCfg = Release|Any CPU
		{007335D6-3564-48F4-92F3-922BD9AEE1DA}.Release|x64.Build.0 = Release|Any CPU
		{007335D6-3564-48F4-92F3-922BD9AEE1DA}.Release|x86.ActiveCfg = Release|Any CPU
		{007335D6-3564-48F4-92F3-922BD9AEE1DA}.Release|x86.Build.0 = Release|Any CPU
		{7FE021D8-E0AE-41B8-B4C9-63FA2E89FDAB}.Ad-Hoc|Any CPU.ActiveCfg = Release|Any CPU
		{7FE021D8-E0AE-41B8-B4C9-63FA2E89FDAB}.Ad-Hoc|Any CPU.Build.0 = Release|Any CPU
		{7FE021D8-E0AE-41B8-B4C9-63FA2E89FDAB}.Ad-Hoc|ARM.ActiveCfg = Release|Any CPU
		{7FE021D8-E0AE-41B8-B4C9-63FA2E89FDAB}.Ad-Hoc|ARM.Build.0 = Release|Any CPU
		{7FE021D8-E0AE-41B8-B4C9-63FA2E89FDAB}.Ad-Hoc|iPhone.ActiveCfg = Release|Any CPU
		{7FE021D8-E0AE-41B8-B4C9-63FA2E89FDAB}.Ad-Hoc|iPhone.Build.0 = Release|Any CPU
		{7FE021D8-E0AE-41B8-B4C9-63FA2E89FDAB}.Ad-Hoc|iPhoneSimulator.ActiveCfg = Release|Any CPU
		{7FE021D8-E0AE-41B8-B4C9-63FA2E89FDAB}.Ad-Hoc|iPhoneSimulator.Build.0 = Release|Any CPU
		{7FE021D8-E0AE-41B8-B4C9-63FA2E89FDAB}.Ad-Hoc|x64.ActiveCfg = Release|Any CPU
		{7FE021D8-E0AE-41B8-B4C9-63FA2E89FDAB}.Ad-Hoc|x64.Build.0 = Release|Any CPU
		{7FE021D8-E0AE-41B8-B4C9-63FA2E89FDAB}.Ad-Hoc|x86.ActiveCfg = Release|Any CPU
		{7FE021D8-E0AE-41B8-B4C9-63FA2E89FDAB}.Ad-Hoc|x86.Build.0 = Release|Any CPU
		{7FE021D8-E0AE-41B8-B4C9-63FA2E89FDAB}.AppStore|Any CPU.ActiveCfg = Release|Any CPU
		{7FE021D8-E0AE-41B8-B4C9-63FA2E89FDAB}.AppStore|Any CPU.Build.0 = Release|Any CPU
		{7FE021D8-E0AE-41B8-B4C9-63FA2E89FDAB}.AppStore|ARM.ActiveCfg = Release|Any CPU
		{7FE021D8-E0AE-41B8-B4C9-63FA2E89FDAB}.AppStore|ARM.Build.0 = Release|Any CPU
		{7FE021D8-E0AE-41B8-B4C9-63FA2E89FDAB}.AppStore|iPhone.ActiveCfg = Release|Any CPU
		{7FE021D8-E0AE-41B8-B4C9-63FA2E89FDAB}.AppStore|iPhone.Build.0 = Release|Any CPU
		{7FE021D8-E0AE-41B8-B4C9-63FA2E89FDAB}.AppStore|iPhoneSimulator.ActiveCfg = Release|Any CPU
		{7FE021D8-E0AE-41B8-B4C9-63FA2E89FDAB}.AppStore|iPhoneSimulator.Build.0 = Release|Any CPU
		{7FE021D8-E0AE-41B8-B4C9-63FA2E89FDAB}.AppStore|x64.ActiveCfg = Release|Any CPU
		{7FE021D8-E0AE-41B8-B4C9-63FA2E89FDAB}.AppStore|x64.Build.0 = Release|Any CPU
		{7FE021D8-E0AE-41B8-B4C9-63FA2E89FDAB}.AppStore|x86.ActiveCfg = Release|Any CPU
		{7FE021D8-E0AE-41B8-B4C9-63FA2E89FDAB}.AppStore|x86.Build.0 = Release|Any CPU
		{7FE021D8-E0AE-41B8-B4C9-63FA2E89FDAB}.Debug|Any CPU.ActiveCfg = Debug|Any CPU
		{7FE021D8-E0AE-41B8-B4C9-63FA2E89FDAB}.Debug|Any CPU.Build.0 = Debug|Any CPU
		{7FE021D8-E0AE-41B8-B4C9-63FA2E89FDAB}.Debug|ARM.ActiveCfg = Debug|Any CPU
		{7FE021D8-E0AE-41B8-B4C9-63FA2E89FDAB}.Debug|ARM.Build.0 = Debug|Any CPU
		{7FE021D8-E0AE-41B8-B4C9-63FA2E89FDAB}.Debug|iPhone.ActiveCfg = Debug|Any CPU
		{7FE021D8-E0AE-41B8-B4C9-63FA2E89FDAB}.Debug|iPhone.Build.0 = Debug|Any CPU
		{7FE021D8-E0AE-41B8-B4C9-63FA2E89FDAB}.Debug|iPhoneSimulator.ActiveCfg = Debug|Any CPU
		{7FE021D8-E0AE-41B8-B4C9-63FA2E89FDAB}.Debug|iPhoneSimulator.Build.0 = Debug|Any CPU
		{7FE021D8-E0AE-41B8-B4C9-63FA2E89FDAB}.Debug|x64.ActiveCfg = Debug|Any CPU
		{7FE021D8-E0AE-41B8-B4C9-63FA2E89FDAB}.Debug|x64.Build.0 = Debug|Any CPU
		{7FE021D8-E0AE-41B8-B4C9-63FA2E89FDAB}.Debug|x86.ActiveCfg = Debug|Any CPU
		{7FE021D8-E0AE-41B8-B4C9-63FA2E89FDAB}.Debug|x86.Build.0 = Debug|Any CPU
		{7FE021D8-E0AE-41B8-B4C9-63FA2E89FDAB}.Release|Any CPU.ActiveCfg = Release|Any CPU
		{7FE021D8-E0AE-41B8-B4C9-63FA2E89FDAB}.Release|Any CPU.Build.0 = Release|Any CPU
		{7FE021D8-E0AE-41B8-B4C9-63FA2E89FDAB}.Release|ARM.ActiveCfg = Release|Any CPU
		{7FE021D8-E0AE-41B8-B4C9-63FA2E89FDAB}.Release|ARM.Build.0 = Release|Any CPU
		{7FE021D8-E0AE-41B8-B4C9-63FA2E89FDAB}.Release|iPhone.ActiveCfg = Release|Any CPU
		{7FE021D8-E0AE-41B8-B4C9-63FA2E89FDAB}.Release|iPhone.Build.0 = Release|Any CPU
		{7FE021D8-E0AE-41B8-B4C9-63FA2E89FDAB}.Release|iPhoneSimulator.ActiveCfg = Release|Any CPU
		{7FE021D8-E0AE-41B8-B4C9-63FA2E89FDAB}.Release|iPhoneSimulator.Build.0 = Release|Any CPU
		{7FE021D8-E0AE-41B8-B4C9-63FA2E89FDAB}.Release|x64.ActiveCfg = Release|Any CPU
		{7FE021D8-E0AE-41B8-B4C9-63FA2E89FDAB}.Release|x64.Build.0 = Release|Any CPU
		{7FE021D8-E0AE-41B8-B4C9-63FA2E89FDAB}.Release|x86.ActiveCfg = Release|Any CPU
		{7FE021D8-E0AE-41B8-B4C9-63FA2E89FDAB}.Release|x86.Build.0 = Release|Any CPU
		{3F5B63CA-09AE-44B0-A432-4B87ADDE9440}.Ad-Hoc|Any CPU.ActiveCfg = Release|Any CPU
		{3F5B63CA-09AE-44B0-A432-4B87ADDE9440}.Ad-Hoc|Any CPU.Build.0 = Release|Any CPU
		{3F5B63CA-09AE-44B0-A432-4B87ADDE9440}.Ad-Hoc|Any CPU.Deploy.0 = Release|Any CPU
		{3F5B63CA-09AE-44B0-A432-4B87ADDE9440}.Ad-Hoc|ARM.ActiveCfg = Release|Any CPU
		{3F5B63CA-09AE-44B0-A432-4B87ADDE9440}.Ad-Hoc|ARM.Build.0 = Release|Any CPU
		{3F5B63CA-09AE-44B0-A432-4B87ADDE9440}.Ad-Hoc|ARM.Deploy.0 = Release|Any CPU
		{3F5B63CA-09AE-44B0-A432-4B87ADDE9440}.Ad-Hoc|iPhone.ActiveCfg = Release|Any CPU
		{3F5B63CA-09AE-44B0-A432-4B87ADDE9440}.Ad-Hoc|iPhone.Build.0 = Release|Any CPU
		{3F5B63CA-09AE-44B0-A432-4B87ADDE9440}.Ad-Hoc|iPhone.Deploy.0 = Release|Any CPU
		{3F5B63CA-09AE-44B0-A432-4B87ADDE9440}.Ad-Hoc|iPhoneSimulator.ActiveCfg = Release|Any CPU
		{3F5B63CA-09AE-44B0-A432-4B87ADDE9440}.Ad-Hoc|iPhoneSimulator.Build.0 = Release|Any CPU
		{3F5B63CA-09AE-44B0-A432-4B87ADDE9440}.Ad-Hoc|iPhoneSimulator.Deploy.0 = Release|Any CPU
		{3F5B63CA-09AE-44B0-A432-4B87ADDE9440}.Ad-Hoc|x64.ActiveCfg = Release|Any CPU
		{3F5B63CA-09AE-44B0-A432-4B87ADDE9440}.Ad-Hoc|x64.Build.0 = Release|Any CPU
		{3F5B63CA-09AE-44B0-A432-4B87ADDE9440}.Ad-Hoc|x64.Deploy.0 = Release|Any CPU
		{3F5B63CA-09AE-44B0-A432-4B87ADDE9440}.Ad-Hoc|x86.ActiveCfg = Release|Any CPU
		{3F5B63CA-09AE-44B0-A432-4B87ADDE9440}.Ad-Hoc|x86.Build.0 = Release|Any CPU
		{3F5B63CA-09AE-44B0-A432-4B87ADDE9440}.Ad-Hoc|x86.Deploy.0 = Release|Any CPU
		{3F5B63CA-09AE-44B0-A432-4B87ADDE9440}.AppStore|Any CPU.ActiveCfg = Release|Any CPU
		{3F5B63CA-09AE-44B0-A432-4B87ADDE9440}.AppStore|Any CPU.Build.0 = Release|Any CPU
		{3F5B63CA-09AE-44B0-A432-4B87ADDE9440}.AppStore|Any CPU.Deploy.0 = Release|Any CPU
		{3F5B63CA-09AE-44B0-A432-4B87ADDE9440}.AppStore|ARM.ActiveCfg = Release|Any CPU
		{3F5B63CA-09AE-44B0-A432-4B87ADDE9440}.AppStore|ARM.Build.0 = Release|Any CPU
		{3F5B63CA-09AE-44B0-A432-4B87ADDE9440}.AppStore|ARM.Deploy.0 = Release|Any CPU
		{3F5B63CA-09AE-44B0-A432-4B87ADDE9440}.AppStore|iPhone.ActiveCfg = Release|Any CPU
		{3F5B63CA-09AE-44B0-A432-4B87ADDE9440}.AppStore|iPhone.Build.0 = Release|Any CPU
		{3F5B63CA-09AE-44B0-A432-4B87ADDE9440}.AppStore|iPhone.Deploy.0 = Release|Any CPU
		{3F5B63CA-09AE-44B0-A432-4B87ADDE9440}.AppStore|iPhoneSimulator.ActiveCfg = Release|Any CPU
		{3F5B63CA-09AE-44B0-A432-4B87ADDE9440}.AppStore|iPhoneSimulator.Build.0 = Release|Any CPU
		{3F5B63CA-09AE-44B0-A432-4B87ADDE9440}.AppStore|iPhoneSimulator.Deploy.0 = Release|Any CPU
		{3F5B63CA-09AE-44B0-A432-4B87ADDE9440}.AppStore|x64.ActiveCfg = Release|Any CPU
		{3F5B63CA-09AE-44B0-A432-4B87ADDE9440}.AppStore|x64.Build.0 = Release|Any CPU
		{3F5B63CA-09AE-44B0-A432-4B87ADDE9440}.AppStore|x64.Deploy.0 = Release|Any CPU
		{3F5B63CA-09AE-44B0-A432-4B87ADDE9440}.AppStore|x86.ActiveCfg = Release|Any CPU
		{3F5B63CA-09AE-44B0-A432-4B87ADDE9440}.AppStore|x86.Build.0 = Release|Any CPU
		{3F5B63CA-09AE-44B0-A432-4B87ADDE9440}.AppStore|x86.Deploy.0 = Release|Any CPU
		{3F5B63CA-09AE-44B0-A432-4B87ADDE9440}.Debug|Any CPU.ActiveCfg = Debug|Any CPU
		{3F5B63CA-09AE-44B0-A432-4B87ADDE9440}.Debug|Any CPU.Build.0 = Debug|Any CPU
		{3F5B63CA-09AE-44B0-A432-4B87ADDE9440}.Debug|Any CPU.Deploy.0 = Debug|Any CPU
		{3F5B63CA-09AE-44B0-A432-4B87ADDE9440}.Debug|ARM.ActiveCfg = Debug|Any CPU
		{3F5B63CA-09AE-44B0-A432-4B87ADDE9440}.Debug|ARM.Build.0 = Debug|Any CPU
		{3F5B63CA-09AE-44B0-A432-4B87ADDE9440}.Debug|ARM.Deploy.0 = Debug|Any CPU
		{3F5B63CA-09AE-44B0-A432-4B87ADDE9440}.Debug|iPhone.ActiveCfg = Debug|Any CPU
		{3F5B63CA-09AE-44B0-A432-4B87ADDE9440}.Debug|iPhone.Build.0 = Debug|Any CPU
		{3F5B63CA-09AE-44B0-A432-4B87ADDE9440}.Debug|iPhone.Deploy.0 = Debug|Any CPU
		{3F5B63CA-09AE-44B0-A432-4B87ADDE9440}.Debug|iPhoneSimulator.ActiveCfg = Debug|Any CPU
		{3F5B63CA-09AE-44B0-A432-4B87ADDE9440}.Debug|iPhoneSimulator.Build.0 = Debug|Any CPU
		{3F5B63CA-09AE-44B0-A432-4B87ADDE9440}.Debug|iPhoneSimulator.Deploy.0 = Debug|Any CPU
		{3F5B63CA-09AE-44B0-A432-4B87ADDE9440}.Debug|x64.ActiveCfg = Debug|Any CPU
		{3F5B63CA-09AE-44B0-A432-4B87ADDE9440}.Debug|x64.Build.0 = Debug|Any CPU
		{3F5B63CA-09AE-44B0-A432-4B87ADDE9440}.Debug|x64.Deploy.0 = Debug|Any CPU
		{3F5B63CA-09AE-44B0-A432-4B87ADDE9440}.Debug|x86.ActiveCfg = Debug|Any CPU
		{3F5B63CA-09AE-44B0-A432-4B87ADDE9440}.Debug|x86.Build.0 = Debug|Any CPU
		{3F5B63CA-09AE-44B0-A432-4B87ADDE9440}.Debug|x86.Deploy.0 = Debug|Any CPU
		{3F5B63CA-09AE-44B0-A432-4B87ADDE9440}.Release|Any CPU.ActiveCfg = Release|Any CPU
		{3F5B63CA-09AE-44B0-A432-4B87ADDE9440}.Release|Any CPU.Build.0 = Release|Any CPU
		{3F5B63CA-09AE-44B0-A432-4B87ADDE9440}.Release|Any CPU.Deploy.0 = Release|Any CPU
		{3F5B63CA-09AE-44B0-A432-4B87ADDE9440}.Release|ARM.ActiveCfg = Release|Any CPU
		{3F5B63CA-09AE-44B0-A432-4B87ADDE9440}.Release|ARM.Build.0 = Release|Any CPU
		{3F5B63CA-09AE-44B0-A432-4B87ADDE9440}.Release|ARM.Deploy.0 = Release|Any CPU
		{3F5B63CA-09AE-44B0-A432-4B87ADDE9440}.Release|iPhone.ActiveCfg = Release|Any CPU
		{3F5B63CA-09AE-44B0-A432-4B87ADDE9440}.Release|iPhone.Build.0 = Release|Any CPU
		{3F5B63CA-09AE-44B0-A432-4B87ADDE9440}.Release|iPhone.Deploy.0 = Release|Any CPU
		{3F5B63CA-09AE-44B0-A432-4B87ADDE9440}.Release|iPhoneSimulator.ActiveCfg = Release|Any CPU
		{3F5B63CA-09AE-44B0-A432-4B87ADDE9440}.Release|iPhoneSimulator.Build.0 = Release|Any CPU
		{3F5B63CA-09AE-44B0-A432-4B87ADDE9440}.Release|iPhoneSimulator.Deploy.0 = Release|Any CPU
		{3F5B63CA-09AE-44B0-A432-4B87ADDE9440}.Release|x64.ActiveCfg = Release|Any CPU
		{3F5B63CA-09AE-44B0-A432-4B87ADDE9440}.Release|x64.Build.0 = Release|Any CPU
		{3F5B63CA-09AE-44B0-A432-4B87ADDE9440}.Release|x64.Deploy.0 = Release|Any CPU
		{3F5B63CA-09AE-44B0-A432-4B87ADDE9440}.Release|x86.ActiveCfg = Release|Any CPU
		{3F5B63CA-09AE-44B0-A432-4B87ADDE9440}.Release|x86.Build.0 = Release|Any CPU
		{3F5B63CA-09AE-44B0-A432-4B87ADDE9440}.Release|x86.Deploy.0 = Release|Any CPU
		{1538152A-84EA-4D75-9F9B-221A2F0992DD}.Ad-Hoc|Any CPU.ActiveCfg = Release|x86
		{1538152A-84EA-4D75-9F9B-221A2F0992DD}.Ad-Hoc|Any CPU.Build.0 = Release|x86
		{1538152A-84EA-4D75-9F9B-221A2F0992DD}.Ad-Hoc|Any CPU.Deploy.0 = Release|x86
		{1538152A-84EA-4D75-9F9B-221A2F0992DD}.Ad-Hoc|ARM.ActiveCfg = Release|ARM
		{1538152A-84EA-4D75-9F9B-221A2F0992DD}.Ad-Hoc|ARM.Build.0 = Release|ARM
		{1538152A-84EA-4D75-9F9B-221A2F0992DD}.Ad-Hoc|ARM.Deploy.0 = Release|ARM
		{1538152A-84EA-4D75-9F9B-221A2F0992DD}.Ad-Hoc|iPhone.ActiveCfg = Release|x86
		{1538152A-84EA-4D75-9F9B-221A2F0992DD}.Ad-Hoc|iPhone.Build.0 = Release|x86
		{1538152A-84EA-4D75-9F9B-221A2F0992DD}.Ad-Hoc|iPhone.Deploy.0 = Release|x86
		{1538152A-84EA-4D75-9F9B-221A2F0992DD}.Ad-Hoc|iPhoneSimulator.ActiveCfg = Release|x86
		{1538152A-84EA-4D75-9F9B-221A2F0992DD}.Ad-Hoc|iPhoneSimulator.Build.0 = Release|x86
		{1538152A-84EA-4D75-9F9B-221A2F0992DD}.Ad-Hoc|iPhoneSimulator.Deploy.0 = Release|x86
		{1538152A-84EA-4D75-9F9B-221A2F0992DD}.Ad-Hoc|x64.ActiveCfg = Release|x64
		{1538152A-84EA-4D75-9F9B-221A2F0992DD}.Ad-Hoc|x64.Build.0 = Release|x64
		{1538152A-84EA-4D75-9F9B-221A2F0992DD}.Ad-Hoc|x64.Deploy.0 = Release|x64
		{1538152A-84EA-4D75-9F9B-221A2F0992DD}.Ad-Hoc|x86.ActiveCfg = Release|x86
		{1538152A-84EA-4D75-9F9B-221A2F0992DD}.Ad-Hoc|x86.Build.0 = Release|x86
		{1538152A-84EA-4D75-9F9B-221A2F0992DD}.Ad-Hoc|x86.Deploy.0 = Release|x86
		{1538152A-84EA-4D75-9F9B-221A2F0992DD}.AppStore|Any CPU.ActiveCfg = Release|x86
		{1538152A-84EA-4D75-9F9B-221A2F0992DD}.AppStore|Any CPU.Build.0 = Release|x86
		{1538152A-84EA-4D75-9F9B-221A2F0992DD}.AppStore|Any CPU.Deploy.0 = Release|x86
		{1538152A-84EA-4D75-9F9B-221A2F0992DD}.AppStore|ARM.ActiveCfg = Release|ARM
		{1538152A-84EA-4D75-9F9B-221A2F0992DD}.AppStore|ARM.Build.0 = Release|ARM
		{1538152A-84EA-4D75-9F9B-221A2F0992DD}.AppStore|ARM.Deploy.0 = Release|ARM
		{1538152A-84EA-4D75-9F9B-221A2F0992DD}.AppStore|iPhone.ActiveCfg = Release|x86
		{1538152A-84EA-4D75-9F9B-221A2F0992DD}.AppStore|iPhone.Build.0 = Release|x86
		{1538152A-84EA-4D75-9F9B-221A2F0992DD}.AppStore|iPhone.Deploy.0 = Release|x86
		{1538152A-84EA-4D75-9F9B-221A2F0992DD}.AppStore|iPhoneSimulator.ActiveCfg = Release|x86
		{1538152A-84EA-4D75-9F9B-221A2F0992DD}.AppStore|iPhoneSimulator.Build.0 = Release|x86
		{1538152A-84EA-4D75-9F9B-221A2F0992DD}.AppStore|iPhoneSimulator.Deploy.0 = Release|x86
		{1538152A-84EA-4D75-9F9B-221A2F0992DD}.AppStore|x64.ActiveCfg = Release|x64
		{1538152A-84EA-4D75-9F9B-221A2F0992DD}.AppStore|x64.Build.0 = Release|x64
		{1538152A-84EA-4D75-9F9B-221A2F0992DD}.AppStore|x64.Deploy.0 = Release|x64
		{1538152A-84EA-4D75-9F9B-221A2F0992DD}.AppStore|x86.ActiveCfg = Release|x86
		{1538152A-84EA-4D75-9F9B-221A2F0992DD}.AppStore|x86.Build.0 = Release|x86
		{1538152A-84EA-4D75-9F9B-221A2F0992DD}.AppStore|x86.Deploy.0 = Release|x86
		{1538152A-84EA-4D75-9F9B-221A2F0992DD}.Debug|Any CPU.ActiveCfg = Debug|x86
		{1538152A-84EA-4D75-9F9B-221A2F0992DD}.Debug|ARM.ActiveCfg = Debug|ARM
		{1538152A-84EA-4D75-9F9B-221A2F0992DD}.Debug|ARM.Build.0 = Debug|ARM
		{1538152A-84EA-4D75-9F9B-221A2F0992DD}.Debug|ARM.Deploy.0 = Debug|ARM
		{1538152A-84EA-4D75-9F9B-221A2F0992DD}.Debug|iPhone.ActiveCfg = Debug|x86
		{1538152A-84EA-4D75-9F9B-221A2F0992DD}.Debug|iPhoneSimulator.ActiveCfg = Debug|x86
		{1538152A-84EA-4D75-9F9B-221A2F0992DD}.Debug|x64.ActiveCfg = Debug|x64
		{1538152A-84EA-4D75-9F9B-221A2F0992DD}.Debug|x64.Build.0 = Debug|x64
		{1538152A-84EA-4D75-9F9B-221A2F0992DD}.Debug|x64.Deploy.0 = Debug|x64
		{1538152A-84EA-4D75-9F9B-221A2F0992DD}.Debug|x86.ActiveCfg = Debug|x86
		{1538152A-84EA-4D75-9F9B-221A2F0992DD}.Debug|x86.Build.0 = Debug|x86
		{1538152A-84EA-4D75-9F9B-221A2F0992DD}.Debug|x86.Deploy.0 = Debug|x86
		{1538152A-84EA-4D75-9F9B-221A2F0992DD}.Release|Any CPU.ActiveCfg = Release|x86
		{1538152A-84EA-4D75-9F9B-221A2F0992DD}.Release|ARM.ActiveCfg = Release|ARM
		{1538152A-84EA-4D75-9F9B-221A2F0992DD}.Release|ARM.Build.0 = Release|ARM
		{1538152A-84EA-4D75-9F9B-221A2F0992DD}.Release|ARM.Deploy.0 = Release|ARM
		{1538152A-84EA-4D75-9F9B-221A2F0992DD}.Release|iPhone.ActiveCfg = Release|x86
		{1538152A-84EA-4D75-9F9B-221A2F0992DD}.Release|iPhoneSimulator.ActiveCfg = Release|x86
		{1538152A-84EA-4D75-9F9B-221A2F0992DD}.Release|x64.ActiveCfg = Release|x64
		{1538152A-84EA-4D75-9F9B-221A2F0992DD}.Release|x64.Build.0 = Release|x64
		{1538152A-84EA-4D75-9F9B-221A2F0992DD}.Release|x64.Deploy.0 = Release|x64
		{1538152A-84EA-4D75-9F9B-221A2F0992DD}.Release|x86.ActiveCfg = Release|x86
		{1538152A-84EA-4D75-9F9B-221A2F0992DD}.Release|x86.Build.0 = Release|x86
		{1538152A-84EA-4D75-9F9B-221A2F0992DD}.Release|x86.Deploy.0 = Release|x86
		{D70924DE-A120-407E-8048-FC8B6622E9AC}.Ad-Hoc|Any CPU.ActiveCfg = Debug|Any CPU
		{D70924DE-A120-407E-8048-FC8B6622E9AC}.Ad-Hoc|Any CPU.Build.0 = Debug|Any CPU
		{D70924DE-A120-407E-8048-FC8B6622E9AC}.Ad-Hoc|ARM.ActiveCfg = Debug|Any CPU
		{D70924DE-A120-407E-8048-FC8B6622E9AC}.Ad-Hoc|ARM.Build.0 = Debug|Any CPU
		{D70924DE-A120-407E-8048-FC8B6622E9AC}.Ad-Hoc|iPhone.ActiveCfg = Debug|Any CPU
		{D70924DE-A120-407E-8048-FC8B6622E9AC}.Ad-Hoc|iPhone.Build.0 = Debug|Any CPU
		{D70924DE-A120-407E-8048-FC8B6622E9AC}.Ad-Hoc|iPhoneSimulator.ActiveCfg = Debug|Any CPU
		{D70924DE-A120-407E-8048-FC8B6622E9AC}.Ad-Hoc|iPhoneSimulator.Build.0 = Debug|Any CPU
		{D70924DE-A120-407E-8048-FC8B6622E9AC}.Ad-Hoc|x64.ActiveCfg = Debug|Any CPU
		{D70924DE-A120-407E-8048-FC8B6622E9AC}.Ad-Hoc|x64.Build.0 = Debug|Any CPU
		{D70924DE-A120-407E-8048-FC8B6622E9AC}.Ad-Hoc|x86.ActiveCfg = Debug|Any CPU
		{D70924DE-A120-407E-8048-FC8B6622E9AC}.Ad-Hoc|x86.Build.0 = Debug|Any CPU
		{D70924DE-A120-407E-8048-FC8B6622E9AC}.AppStore|Any CPU.ActiveCfg = Debug|Any CPU
		{D70924DE-A120-407E-8048-FC8B6622E9AC}.AppStore|Any CPU.Build.0 = Debug|Any CPU
		{D70924DE-A120-407E-8048-FC8B6622E9AC}.AppStore|ARM.ActiveCfg = Debug|Any CPU
		{D70924DE-A120-407E-8048-FC8B6622E9AC}.AppStore|ARM.Build.0 = Debug|Any CPU
		{D70924DE-A120-407E-8048-FC8B6622E9AC}.AppStore|iPhone.ActiveCfg = Debug|Any CPU
		{D70924DE-A120-407E-8048-FC8B6622E9AC}.AppStore|iPhone.Build.0 = Debug|Any CPU
		{D70924DE-A120-407E-8048-FC8B6622E9AC}.AppStore|iPhoneSimulator.ActiveCfg = Debug|Any CPU
		{D70924DE-A120-407E-8048-FC8B6622E9AC}.AppStore|iPhoneSimulator.Build.0 = Debug|Any CPU
		{D70924DE-A120-407E-8048-FC8B6622E9AC}.AppStore|x64.ActiveCfg = Debug|Any CPU
		{D70924DE-A120-407E-8048-FC8B6622E9AC}.AppStore|x64.Build.0 = Debug|Any CPU
		{D70924DE-A120-407E-8048-FC8B6622E9AC}.AppStore|x86.ActiveCfg = Debug|Any CPU
		{D70924DE-A120-407E-8048-FC8B6622E9AC}.AppStore|x86.Build.0 = Debug|Any CPU
		{D70924DE-A120-407E-8048-FC8B6622E9AC}.Debug|Any CPU.ActiveCfg = Debug|Any CPU
		{D70924DE-A120-407E-8048-FC8B6622E9AC}.Debug|Any CPU.Build.0 = Debug|Any CPU
		{D70924DE-A120-407E-8048-FC8B6622E9AC}.Debug|ARM.ActiveCfg = Debug|Any CPU
		{D70924DE-A120-407E-8048-FC8B6622E9AC}.Debug|ARM.Build.0 = Debug|Any CPU
		{D70924DE-A120-407E-8048-FC8B6622E9AC}.Debug|iPhone.ActiveCfg = Debug|Any CPU
		{D70924DE-A120-407E-8048-FC8B6622E9AC}.Debug|iPhone.Build.0 = Debug|Any CPU
		{D70924DE-A120-407E-8048-FC8B6622E9AC}.Debug|iPhoneSimulator.ActiveCfg = Debug|Any CPU
		{D70924DE-A120-407E-8048-FC8B6622E9AC}.Debug|iPhoneSimulator.Build.0 = Debug|Any CPU
		{D70924DE-A120-407E-8048-FC8B6622E9AC}.Debug|x64.ActiveCfg = Debug|Any CPU
		{D70924DE-A120-407E-8048-FC8B6622E9AC}.Debug|x64.Build.0 = Debug|Any CPU
		{D70924DE-A120-407E-8048-FC8B6622E9AC}.Debug|x86.ActiveCfg = Debug|Any CPU
		{D70924DE-A120-407E-8048-FC8B6622E9AC}.Debug|x86.Build.0 = Debug|Any CPU
		{D70924DE-A120-407E-8048-FC8B6622E9AC}.Release|Any CPU.ActiveCfg = Release|Any CPU
		{D70924DE-A120-407E-8048-FC8B6622E9AC}.Release|Any CPU.Build.0 = Release|Any CPU
		{D70924DE-A120-407E-8048-FC8B6622E9AC}.Release|ARM.ActiveCfg = Release|Any CPU
		{D70924DE-A120-407E-8048-FC8B6622E9AC}.Release|ARM.Build.0 = Release|Any CPU
		{D70924DE-A120-407E-8048-FC8B6622E9AC}.Release|iPhone.ActiveCfg = Release|Any CPU
		{D70924DE-A120-407E-8048-FC8B6622E9AC}.Release|iPhone.Build.0 = Release|Any CPU
		{D70924DE-A120-407E-8048-FC8B6622E9AC}.Release|iPhoneSimulator.ActiveCfg = Release|Any CPU
		{D70924DE-A120-407E-8048-FC8B6622E9AC}.Release|iPhoneSimulator.Build.0 = Release|Any CPU
		{D70924DE-A120-407E-8048-FC8B6622E9AC}.Release|x64.ActiveCfg = Release|Any CPU
		{D70924DE-A120-407E-8048-FC8B6622E9AC}.Release|x64.Build.0 = Release|Any CPU
		{D70924DE-A120-407E-8048-FC8B6622E9AC}.Release|x86.ActiveCfg = Release|Any CPU
		{D70924DE-A120-407E-8048-FC8B6622E9AC}.Release|x86.Build.0 = Release|Any CPU
		{724FE820-CB5D-4003-A53E-62BC3A63FCF9}.Ad-Hoc|Any CPU.ActiveCfg = Debug|Any CPU
		{724FE820-CB5D-4003-A53E-62BC3A63FCF9}.Ad-Hoc|Any CPU.Build.0 = Debug|Any CPU
		{724FE820-CB5D-4003-A53E-62BC3A63FCF9}.Ad-Hoc|ARM.ActiveCfg = Debug|Any CPU
		{724FE820-CB5D-4003-A53E-62BC3A63FCF9}.Ad-Hoc|ARM.Build.0 = Debug|Any CPU
		{724FE820-CB5D-4003-A53E-62BC3A63FCF9}.Ad-Hoc|iPhone.ActiveCfg = Debug|Any CPU
		{724FE820-CB5D-4003-A53E-62BC3A63FCF9}.Ad-Hoc|iPhone.Build.0 = Debug|Any CPU
		{724FE820-CB5D-4003-A53E-62BC3A63FCF9}.Ad-Hoc|iPhoneSimulator.ActiveCfg = Debug|Any CPU
		{724FE820-CB5D-4003-A53E-62BC3A63FCF9}.Ad-Hoc|iPhoneSimulator.Build.0 = Debug|Any CPU
		{724FE820-CB5D-4003-A53E-62BC3A63FCF9}.Ad-Hoc|x64.ActiveCfg = Debug|Any CPU
		{724FE820-CB5D-4003-A53E-62BC3A63FCF9}.Ad-Hoc|x64.Build.0 = Debug|Any CPU
		{724FE820-CB5D-4003-A53E-62BC3A63FCF9}.Ad-Hoc|x86.ActiveCfg = Debug|Any CPU
		{724FE820-CB5D-4003-A53E-62BC3A63FCF9}.Ad-Hoc|x86.Build.0 = Debug|Any CPU
		{724FE820-CB5D-4003-A53E-62BC3A63FCF9}.AppStore|Any CPU.ActiveCfg = Debug|Any CPU
		{724FE820-CB5D-4003-A53E-62BC3A63FCF9}.AppStore|Any CPU.Build.0 = Debug|Any CPU
		{724FE820-CB5D-4003-A53E-62BC3A63FCF9}.AppStore|ARM.ActiveCfg = Debug|Any CPU
		{724FE820-CB5D-4003-A53E-62BC3A63FCF9}.AppStore|ARM.Build.0 = Debug|Any CPU
		{724FE820-CB5D-4003-A53E-62BC3A63FCF9}.AppStore|iPhone.ActiveCfg = Debug|Any CPU
		{724FE820-CB5D-4003-A53E-62BC3A63FCF9}.AppStore|iPhone.Build.0 = Debug|Any CPU
		{724FE820-CB5D-4003-A53E-62BC3A63FCF9}.AppStore|iPhoneSimulator.ActiveCfg = Debug|Any CPU
		{724FE820-CB5D-4003-A53E-62BC3A63FCF9}.AppStore|iPhoneSimulator.Build.0 = Debug|Any CPU
		{724FE820-CB5D-4003-A53E-62BC3A63FCF9}.AppStore|x64.ActiveCfg = Debug|Any CPU
		{724FE820-CB5D-4003-A53E-62BC3A63FCF9}.AppStore|x64.Build.0 = Debug|Any CPU
		{724FE820-CB5D-4003-A53E-62BC3A63FCF9}.AppStore|x86.ActiveCfg = Debug|Any CPU
		{724FE820-CB5D-4003-A53E-62BC3A63FCF9}.AppStore|x86.Build.0 = Debug|Any CPU
		{724FE820-CB5D-4003-A53E-62BC3A63FCF9}.Debug|Any CPU.ActiveCfg = Debug|Any CPU
		{724FE820-CB5D-4003-A53E-62BC3A63FCF9}.Debug|Any CPU.Build.0 = Debug|Any CPU
		{724FE820-CB5D-4003-A53E-62BC3A63FCF9}.Debug|ARM.ActiveCfg = Debug|Any CPU
		{724FE820-CB5D-4003-A53E-62BC3A63FCF9}.Debug|ARM.Build.0 = Debug|Any CPU
		{724FE820-CB5D-4003-A53E-62BC3A63FCF9}.Debug|iPhone.ActiveCfg = Debug|Any CPU
		{724FE820-CB5D-4003-A53E-62BC3A63FCF9}.Debug|iPhone.Build.0 = Debug|Any CPU
		{724FE820-CB5D-4003-A53E-62BC3A63FCF9}.Debug|iPhoneSimulator.ActiveCfg = Debug|Any CPU
		{724FE820-CB5D-4003-A53E-62BC3A63FCF9}.Debug|iPhoneSimulator.Build.0 = Debug|Any CPU
		{724FE820-CB5D-4003-A53E-62BC3A63FCF9}.Debug|x64.ActiveCfg = Debug|Any CPU
		{724FE820-CB5D-4003-A53E-62BC3A63FCF9}.Debug|x64.Build.0 = Debug|Any CPU
		{724FE820-CB5D-4003-A53E-62BC3A63FCF9}.Debug|x86.ActiveCfg = Debug|Any CPU
		{724FE820-CB5D-4003-A53E-62BC3A63FCF9}.Debug|x86.Build.0 = Debug|Any CPU
		{724FE820-CB5D-4003-A53E-62BC3A63FCF9}.Release|Any CPU.ActiveCfg = Release|Any CPU
		{724FE820-CB5D-4003-A53E-62BC3A63FCF9}.Release|Any CPU.Build.0 = Release|Any CPU
		{724FE820-CB5D-4003-A53E-62BC3A63FCF9}.Release|ARM.ActiveCfg = Release|Any CPU
		{724FE820-CB5D-4003-A53E-62BC3A63FCF9}.Release|ARM.Build.0 = Release|Any CPU
		{724FE820-CB5D-4003-A53E-62BC3A63FCF9}.Release|iPhone.ActiveCfg = Release|Any CPU
		{724FE820-CB5D-4003-A53E-62BC3A63FCF9}.Release|iPhone.Build.0 = Release|Any CPU
		{724FE820-CB5D-4003-A53E-62BC3A63FCF9}.Release|iPhoneSimulator.ActiveCfg = Release|Any CPU
		{724FE820-CB5D-4003-A53E-62BC3A63FCF9}.Release|iPhoneSimulator.Build.0 = Release|Any CPU
		{724FE820-CB5D-4003-A53E-62BC3A63FCF9}.Release|x64.ActiveCfg = Release|Any CPU
		{724FE820-CB5D-4003-A53E-62BC3A63FCF9}.Release|x64.Build.0 = Release|Any CPU
		{724FE820-CB5D-4003-A53E-62BC3A63FCF9}.Release|x86.ActiveCfg = Release|Any CPU
		{724FE820-CB5D-4003-A53E-62BC3A63FCF9}.Release|x86.Build.0 = Release|Any CPU
	EndGlobalSection
	GlobalSection(SolutionProperties) = preSolution
		HideSolutionNode = FALSE
	EndGlobalSection
	GlobalSection(ExtensibilityGlobals) = postSolution
		SolutionGuid = {C4A740B4-B973-40A4-A454-CB7DC7C1D435}
	EndGlobalSection
EndGlobal
